
Microsoft Visual Studio Solution File, Format Version 12.00
# Visual Studio Version 17
VisualStudioVersion = 17.1.32328.378
MinimumVisualStudioVersion = 10.0.40219.1
Project("{FAE04EC0-301F-11D3-BF4B-00C04F79EFBC}") = "InvoiceGenerator", "InvoiceGenerator\InvoiceGenerator.csproj", "{0DFDE66F-75DD-46F7-8482-EBDF35BD6D6C}"
EndProject
Global
	GlobalSection(SolutionConfigurationPlatforms) = preSolution
		Debug|Any CPU = Debug|Any CPU
		Release|Any CPU = Release|Any CPU
	EndGlobalSection
	GlobalSection(ProjectConfigurationPlatforms) = postSolution
		{0DFDE66F-75DD-46F7-8482-EBDF35BD6D6C}.Debug|Any CPU.ActiveCfg = Debug|Any CPU
		{0DFDE66F-75DD-46F7-8482-EBDF35BD6D6C}.Debug|Any CPU.Build.0 = Debug|Any CPU
		{0DFDE66F-75DD-46F7-8482-EBDF35BD6D6C}.Release|Any CPU.ActiveCfg = Release|Any CPU
		{0DFDE66F-75DD-46F7-8482-EBDF35BD6D6C}.Release|Any CPU.Build.0 = Release|Any CPU
	EndGlobalSection
	GlobalSection(SolutionProperties) = preSolution
		HideSolutionNode = FALSE
	EndGlobalSection
	GlobalSection(ExtensibilityGlobals) = postSolution
		SolutionGuid = {B8533799-7A54-4F4D-A199-7C4099E51A79}
	EndGlobalSection
EndGlobal
